
Microsoft Visual Studio Solution File, Format Version 12.00
# Visual Studio 2013
VisualStudioVersion = 12.0.31101.0
MinimumVisualStudioVersion = 10.0.40219.1
Project("{FAE04EC0-301F-11D3-BF4B-00C04F79EFBC}") = "ChoirSGGW.WebAPI", "ChoirSGGW.WebAPI\ChoirSGGW.WebAPI.csproj", "{5C332463-26E1-451B-B7E5-43018958074F}"
EndProject
Project("{E24C65DC-7377-472B-9ABA-BC803B73C61A}") = "ChoirSggw.Client", "http://localhost:50635", "{E7A17D82-4A14-4D5C-A3EC-A67947836F3F}"
	ProjectSection(WebsiteProperties) = preProject
		UseIISExpress = "true"
		TargetFrameworkMoniker = ".NETFramework,Version%3Dv4.0"
		Debug.AspNetCompiler.VirtualPath = "/localhost_50635"
		Debug.AspNetCompiler.PhysicalPath = "..\ChoirSggw.Client\"
		Debug.AspNetCompiler.TargetPath = "PrecompiledWeb\localhost_50635\"
		Debug.AspNetCompiler.Updateable = "true"
		Debug.AspNetCompiler.ForceOverwrite = "true"
		Debug.AspNetCompiler.FixedNames = "false"
		Debug.AspNetCompiler.Debug = "True"
		Release.AspNetCompiler.VirtualPath = "/localhost_50635"
		Release.AspNetCompiler.PhysicalPath = "..\ChoirSggw.Client\"
		Release.AspNetCompiler.TargetPath = "PrecompiledWeb\localhost_50635\"
		Release.AspNetCompiler.Updateable = "true"
		Release.AspNetCompiler.ForceOverwrite = "true"
		Release.AspNetCompiler.FixedNames = "false"
		Release.AspNetCompiler.Debug = "False"
		SlnRelativePath = "..\ChoirSggw.Client\"
		DefaultWebSiteLanguage = "Visual C#"
	EndProjectSection
EndProject
Project("{FAE04EC0-301F-11D3-BF4B-00C04F79EFBC}") = "ChoirSGGW.DataAccess", "ChoirSGGW.DataAccess\ChoirSGGW.DataAccess.csproj", "{E7CA7C63-83B9-4894-8194-C565A2913C5E}"
EndProject
Project("{FAE04EC0-301F-11D3-BF4B-00C04F79EFBC}") = "ChoirSGGW.Entities", "ChoirSGGW.Entities\ChoirSGGW.Entities.csproj", "{418ED3A2-CC2C-4E1F-B2A9-DFE1EA5F6BAB}"
EndProject
Project("{FAE04EC0-301F-11D3-BF4B-00C04F79EFBC}") = "ChoirSGGW.Domain", "ChoirSGGW.Domain\ChoirSGGW.Domain.csproj", "{48A43B4C-343C-46FA-BE39-422B98B7BCA1}"
EndProject
Global
	GlobalSection(SolutionConfigurationPlatforms) = preSolution
		Debug|Any CPU = Debug|Any CPU
		Release|Any CPU = Release|Any CPU
	EndGlobalSection
	GlobalSection(ProjectConfigurationPlatforms) = postSolution
		{5C332463-26E1-451B-B7E5-43018958074F}.Debug|Any CPU.ActiveCfg = Debug|Any CPU
		{5C332463-26E1-451B-B7E5-43018958074F}.Debug|Any CPU.Build.0 = Debug|Any CPU
		{5C332463-26E1-451B-B7E5-43018958074F}.Release|Any CPU.ActiveCfg = Release|Any CPU
		{5C332463-26E1-451B-B7E5-43018958074F}.Release|Any CPU.Build.0 = Release|Any CPU
		{E7A17D82-4A14-4D5C-A3EC-A67947836F3F}.Debug|Any CPU.ActiveCfg = Debug|Any CPU
		{E7A17D82-4A14-4D5C-A3EC-A67947836F3F}.Debug|Any CPU.Build.0 = Debug|Any CPU
		{E7A17D82-4A14-4D5C-A3EC-A67947836F3F}.Release|Any CPU.ActiveCfg = Debug|Any CPU
		{E7A17D82-4A14-4D5C-A3EC-A67947836F3F}.Release|Any CPU.Build.0 = Debug|Any CPU
		{E7CA7C63-83B9-4894-8194-C565A2913C5E}.Debug|Any CPU.ActiveCfg = Debug|Any CPU
		{E7CA7C63-83B9-4894-8194-C565A2913C5E}.Debug|Any CPU.Build.0 = Debug|Any CPU
		{E7CA7C63-83B9-4894-8194-C565A2913C5E}.Release|Any CPU.ActiveCfg = Release|Any CPU
		{E7CA7C63-83B9-4894-8194-C565A2913C5E}.Release|Any CPU.Build.0 = Release|Any CPU
		{418ED3A2-CC2C-4E1F-B2A9-DFE1EA5F6BAB}.Debug|Any CPU.ActiveCfg = Debug|Any CPU
		{418ED3A2-CC2C-4E1F-B2A9-DFE1EA5F6BAB}.Debug|Any CPU.Build.0 = Debug|Any CPU
		{418ED3A2-CC2C-4E1F-B2A9-DFE1EA5F6BAB}.Release|Any CPU.ActiveCfg = Release|Any CPU
		{418ED3A2-CC2C-4E1F-B2A9-DFE1EA5F6BAB}.Release|Any CPU.Build.0 = Release|Any CPU
		{48A43B4C-343C-46FA-BE39-422B98B7BCA1}.Debug|Any CPU.ActiveCfg = Debug|Any CPU
		{48A43B4C-343C-46FA-BE39-422B98B7BCA1}.Debug|Any CPU.Build.0 = Debug|Any CPU
		{48A43B4C-343C-46FA-BE39-422B98B7BCA1}.Release|Any CPU.ActiveCfg = Release|Any CPU
		{48A43B4C-343C-46FA-BE39-422B98B7BCA1}.Release|Any CPU.Build.0 = Release|Any CPU
	EndGlobalSection
	GlobalSection(SolutionProperties) = preSolution
		HideSolutionNode = FALSE
	EndGlobalSection
EndGlobal
